
Microsoft Visual Studio Solution File, Format Version 11.00
# Visual Studio 2010
Project("{FAE04EC0-301F-11D3-BF4B-00C04F79EFBC}") = "Gurux.Communication_2010", "Gurux.Communication_2010.csproj", "{BA05698E-DDAA-4D04-A6F0-6BC571805179}"
EndProject
Global
	GlobalSection(SolutionConfigurationPlatforms) = preSolution
		Debug|Any CPU = Debug|Any CPU
		Release|Any CPU = Release|Any CPU
	EndGlobalSection
	GlobalSection(ProjectConfigurationPlatforms) = postSolution
		{BA05698E-DDAA-4D04-A6F0-6BC571805179}.Debug|Any CPU.ActiveCfg = Debug|Any CPU
		{BA05698E-DDAA-4D04-A6F0-6BC571805179}.Debug|Any CPU.Build.0 = Debug|Any CPU
		{BA05698E-DDAA-4D04-A6F0-6BC571805179}.Release|Any CPU.ActiveCfg = Release|Any CPU
		{BA05698E-DDAA-4D04-A6F0-6BC571805179}.Release|Any CPU.Build.0 = Release|Any CPU
	EndGlobalSection
	GlobalSection(SolutionProperties) = preSolution
		HideSolutionNode = FALSE
	EndGlobalSection
EndGlobal
